lockVersion: 2.0.0
id: cce51212-9f48-488d-9ded-b8a6fac39957
management:
  docChecksum: cf1dd98292170ae86b9dd82603a00442
  docVersion: 0.5.0
  speakeasyVersion: 1.761.10
  generationVersion: 2.881.16
  releaseVersion: 0.5.0
  configChecksum: 6a4b83610c89a26954d3eebd6a40b1a7
  repoURL: https://github.com/cloudinary/structured-metadata-mcp.git
  installationURL: https://github.com/cloudinary/structured-metadata-mcp
  published: true
persistentEdits:
  generation_id: 858a4ad8-b668-4a29-9401-094d4d7af020
  pristine_commit_hash: c93f6d139ecdb52d1de1d3d0a453f55d82a3044c
  pristine_tree_hash: 82e6bc27979dce6bcbd5bf0e144b6020d1de7ee6
features:
  mcp-typescript:
    additionalDependencies: 0.1.0
    constsAndDefaults: 0.1.2
    core: 1.2.27
    customSecuritySchemes: 0.1.1
    defaultEnabledRetries: 0.1.0
    enumUnions: 0.1.0
    flattening: 0.1.0
    globalSecurity: 0.1.3
    globalSecurityCallbacks: 0.0.0
    globalServerURLs: 0.1.2
    globals: 0.1.0
    hiddenGlobals: 0.1.0
    nullables: 0.1.0
    responseFormat: 0.1.1
    retries: 0.1.0
    sdkHooks: 0.3.0
    unions: 0.2.0
trackedFiles:
  .dxtignore:
    id: 0ee1c4f92736
    last_write_checksum: sha1:0cbab1b303d9060f6324f6a9cddabe13c2cfa7c9
    pristine_git_object: 21eeace1d85822ffb013f6c0667a19f35c33cee0
  .gitattributes:
    id: 24139dae6567
    last_write_checksum: sha1:26d16d8297b104945139da8c25bd38feeaad3e25
    pristine_git_object: 113eead5093c17d43a46159132885318f281a68a
  .npmignore:
    id: aa70c1f807c3
    last_write_checksum: sha1:aa14435f0c166ebc0edbf1ae6f65128e33dc8c97
    pristine_git_object: 0bc901db2a899e4b8f0bdcbea7fd547ef18e2fd9
  eslint.config.mjs:
    id: 461c8d07f6da
    last_write_checksum: sha1:576025302d3d8650f37276bc9075f6ade3842cc7
    pristine_git_object: 4f9e60a9462fc4def738d60c3aaadf8232ef185f
  manifest.json:
    id: ca642a226869
    last_write_checksum: sha1:91f6a72db84046bc1d5af60381f169d1bf5b449a
    pristine_git_object: ff8cb4008e30eda000903e55866679ae11925358
  package.json:
    id: 7030d0b2f71b
    last_write_checksum: sha1:b84df8d6f925fbf0fddc1567b67af0c0b295b854
    pristine_git_object: 84448549c30ea25880a1ed27a303b803b82f5c84
  src/core.ts:
    id: f431fdbcd144
    last_write_checksum: sha1:c3eb278d60e337fa723f4dea4358394b5e39e0fa
    pristine_git_object: c5a7394cc4ce0bb27738233d3f4468bdc9532c76
  src/funcs/metadataFieldsCreateMetadataField.ts:
    id: 585a6ffb0bc5
    last_write_checksum: sha1:c410f0c58690034f9934b042b0c0f71aa4a5d592
    pristine_git_object: 13f37080b74f09c8e847fcf380ee84a5ea16fa0d
  src/funcs/metadataFieldsDeleteMetadataField.ts:
    id: afc976ae95f5
    last_write_checksum: sha1:3a240dabe845c3c2b2ccc576e1395b24595fc1cf
    pristine_git_object: fa24dcf217ec9b48a2fc8a0c7403f8de62f51260
  src/funcs/metadataFieldsDeleteMetadataFieldDatasource.ts:
    id: 05dec5189251
    last_write_checksum: sha1:ddb93d8cda26b4db4e257f05ad29474b192b39dc
    pristine_git_object: 26e38c8a32ea65c86f9091b9f887d6656e823b9e
  src/funcs/metadataFieldsGetMetadataField.ts:
    id: a038a2f4c03a
    last_write_checksum: sha1:fddea4f1fcfc86256b9444a1f0a4e32dfa4fe3a0
    pristine_git_object: a980ae99bc5dde3b25608af485ba409963203bf9
  src/funcs/metadataFieldsListMetadataFields.ts:
    id: 951fc82d0d74
    last_write_checksum: sha1:e6c01caf62d1515f0b52bb94cc90fe3968a1a70c
    pristine_git_object: 6ca4d191a6cd500a63a8ab25dcf9a800f2cec2ca
  src/funcs/metadataFieldsReorderMetadataField.ts:
    id: 90b34d4f7184
    last_write_checksum: sha1:071698724c7b98afb3672bb8533757167ef204b6
    pristine_git_object: 18ce4c0c0ced7b82b2e2145df4e1a9aca8f093fc
  src/funcs/metadataFieldsReorderMetadataFields.ts:
    id: 70032b65d4cb
    last_write_checksum: sha1:62ab1b29674ebea978a92b09aeeea7221c8cca8d
    pristine_git_object: 738c180fa85f52504593e963e2b6a4880e977284
  src/funcs/metadataFieldsRestoreMetadataFieldDatasource.ts:
    id: 46b728ffd266
    last_write_checksum: sha1:9692258330b26c588b4750a7487f1dd725323b58
    pristine_git_object: 98ae82a758a15a5ebad08a13ded68294ad513353
  src/funcs/metadataFieldsSearchDatasourceInMDField.ts:
    id: 95fec19c52c7
    last_write_checksum: sha1:88c0b80b90669493a00c8cfa85084d7abe9b5309
    pristine_git_object: 35d17918fe5f7e17ce974f7d2d230da28a230ccb
  src/funcs/metadataFieldsSearchMetadataFieldDatasource.ts:
    id: 16725f01c53d
    last_write_checksum: sha1:828133a6f904e068a3961590c382f977e5a30cb5
    pristine_git_object: 63b3b792b993deba06f51535f80cd9cc230aa88a
  src/funcs/metadataFieldsUpdateMetadataField.ts:
    id: e01a3b845ddc
    last_write_checksum: sha1:97806173844e6034a72788b45bcd9cae0ad6d347
    pristine_git_object: 1fef4b0c5d67a93eab3b4b9223e353ed5d4176df
  src/funcs/metadataFieldsUpdateMetadataFieldDatasource.ts:
    id: 76f0b808097f
    last_write_checksum: sha1:2edda137df7d9da52e6267c19ae5a4534abd9511
    pristine_git_object: 1d0df4e9e6b75b5c7848df9b6a58194b36073331
  src/funcs/metadataRulesCreateMetadataRule.ts:
    id: 32872314b437
    last_write_checksum: sha1:6423af5c31f53c4c9ba99341c056cefb2efeb979
    pristine_git_object: 787ea3649187f37585e4f85aceaa99e0010968c1
  src/funcs/metadataRulesDeleteMetadataRule.ts:
    id: 308b11bfdd48
    last_write_checksum: sha1:d7b97c6a40dbd5c88759adea80ff4a2f72529412
    pristine_git_object: a78f25b47452a6dc8997040c85fe6fbfe55ac9b3
  src/funcs/metadataRulesListMetadataRules.ts:
    id: cafbbbb23a0d
    last_write_checksum: sha1:a87ce6f7d9af25942d7bc135e06f7f0a5f4c4d64
    pristine_git_object: 48f817f98d9dd1266aedddd6d8f98d8fb055a4f9
  src/funcs/metadataRulesUpdateMetadataRule.ts:
    id: ade9a59e0a70
    last_write_checksum: sha1:c22928e24acca76b61b5753c68308fc4dbeb6906
    pristine_git_object: fd8dd841666f36cf0a9ea05a77c2321a987427e1
  src/hooks/hooks.ts:
    id: a2463fc6f69b
    last_write_checksum: sha1:327ed0fa581be991d633155a30a13e502caa80ef
    pristine_git_object: 7709c66d855a856043daf58e863129c4dd437b6f
  src/hooks/oauth2scopes.ts:
    id: a709b8ce2ddb
    last_write_checksum: sha1:70f0a771f782c9fd688827d34fc2bab54f1bce1e
    pristine_git_object: 36d6ae6c83dfc0b8804ae238cff1f89084a734ab
  src/hooks/types.ts:
    id: 2a02d86ec24f
    last_write_checksum: sha1:27a3444c4839bec58ae89820fd8c2483edafc3f4
    pristine_git_object: 9c36bf01332084f735909a71036c3544cc4c7e3a
  src/landing-page.ts:
    id: ef64a6ee46d7
    last_write_checksum: sha1:368bf559e70601b5ec5c5b65abe2366fb47176e6
    pristine_git_object: d6c164dda3dd1fe95b12001d004a9b7bc8b4c29d
  src/lib/base64.ts:
    id: "598522066688"
    last_write_checksum: sha1:e9f04a037018040361043104960982f7c22db52d
    pristine_git_object: d4bd8b341290e7a828a171d840bd0b0fff7c7cd7
  src/lib/config.ts:
    id: 320761608fb3
    last_write_checksum: sha1:4efe9f8eb4afc26ef4c02781b3883ff6bb600755
    pristine_git_object: 81816e8b0a80add3f50e6c23adb2c928ad77dc7c
  src/lib/dlv.ts:
    id: b1988214835a
    last_write_checksum: sha1:1dd3e3fbb4550c4bf31f5ef997faff355d6f3250
    pristine_git_object: e81091f5e536f82739f71379b1fddc2d147c49e2
  src/lib/encodings.ts:
    id: 3bd8ead98afd
    last_write_checksum: sha1:2bac07b55d30cf8618729e656b8becffc315fbdb
    pristine_git_object: caa16bb379e5680ab114b44f6e3e5f0a2c836be3
  src/lib/env.ts:
    id: c52972a3b198
    last_write_checksum: sha1:69b6f701c443133139651cf64fbd54fe2bc5357f
    pristine_git_object: 40c8651cc97a272072ea6c5a1b4d2ab086f07e70
  src/lib/files.ts:
    id: e5efa54fcb95
    last_write_checksum: sha1:795c14026405d547bfc47012f7ad9666e530fa7f
    pristine_git_object: 6ca6b37d35a12448da176ee2517cc036db12c81c
  src/lib/http.ts:
    id: 63a80782d37e
    last_write_checksum: sha1:797cbf16d3c7c4d62d3ba0eedb08617524938457
    pristine_git_object: 13cf1fd7894a89f727b8d2db2ad24313a94f68c7
  src/lib/is-plain-object.ts:
    id: b9862591096a
    last_write_checksum: sha1:df687f25a9590b6fd95d39df41a652ae3fd4e517
    pristine_git_object: 61070d3d7c7e5e95b1ed7e7ea21869eb0767db77
  src/lib/logger.ts:
    id: 7ee7741a02bf
    last_write_checksum: sha1:0ec9d3a2a34c362746b767e4f9a746c055d57a7b
    pristine_git_object: d181f2937d4128afbe9b0327e0f81d1fa9c877b7
  src/lib/primitives.ts:
    id: 74859f750b28
    last_write_checksum: sha1:d5fbb4e2feef5747fc8071046bdd4122c87bd066
    pristine_git_object: 668ab9d500d77bee730a619c5fda4a1d3cd1d16c
  src/lib/result.ts:
    id: ab7a4c1c4c71
    last_write_checksum: sha1:d24994d58f37a1ca106847fcc6d2e976c6f1c093
    pristine_git_object: ccbe51eac69dfb0da5131f14fd753c4b47c1d527
  src/lib/retries.ts:
    id: b24a69d15639
    last_write_checksum: sha1:f3da74dffcbe2756c69393f8600205aa1dc06e68
    pristine_git_object: e3ce9aba72150fc3c18f3105d39b21aba809377b
  src/lib/schemas.ts:
    id: deb4b531fae1
    last_write_checksum: sha1:7c7ba40781682f6d44bb585b5016e2527b52660e
    pristine_git_object: 542d9972403c5bc4aa70619f8c4b0af3ef2ce679
  src/lib/sdks.ts:
    id: 8a6d91f1218d
    last_write_checksum: sha1:f700822ff5e32383a603ba60453aa36600596baf
    pristine_git_object: f30f835fcc61405e2474ab67e394c817efe55eec
  src/lib/security.ts:
    id: 0502afa7922e
    last_write_checksum: sha1:53214b9aa59f4dab444b6941835938673e540758
    pristine_git_object: ba1aef127545a0bb98f592f7b92c31e88458d9a0
  src/lib/url.ts:
    id: b0057e24ed76
    last_write_checksum: sha1:9550819577dc1e514e61496167aefcc137238aaf
    pristine_git_object: 6bc6356e222c4f2c20fda5616e00be6dadfa80f8
  src/mcp-server/build.mts:
    id: f7a2ed2de4d7
    last_write_checksum: sha1:fc08ccde7b8703a94411bb37b97ba5dd51a686db
    pristine_git_object: 1cdf8979378936f964a3c0e6275b7e7a5689a14c
  src/mcp-server/cli.ts:
    id: 4ade0ef98b00
    last_write_checksum: sha1:7331efddde881832342fa8779d23be7445d4480c
    pristine_git_object: b878d8de9f2a0275c3cdbfdcaed48a31092e558a
  src/mcp-server/cli/serve/command.ts:
    id: 7cd4394c80e8
    last_write_checksum: sha1:8d2173df052c559b60a4684afae4af9ef15f4de5
    pristine_git_object: a3fea5610905758b1f7c35c558dba7f1bef14ce8
  src/mcp-server/cli/serve/impl.ts:
    id: 03e83f226068
    last_write_checksum: sha1:e6f98a1f16a56ccc8c760ee692387cc880dee7b7
    pristine_git_object: 4f96eaa752ea5da7929be23a8800fe86e04b1893
  src/mcp-server/cli/start/command.ts:
    id: b3e53408ccb4
    last_write_checksum: sha1:c37afd4c198096201023ae310d4f43cd58ae2295
    pristine_git_object: 5d5da6164d26091d6a6973aeaaa4f415b4a1da08
  src/mcp-server/cli/start/impl.ts:
    id: 37494f674015
    last_write_checksum: sha1:91579ca7b71c69ded94efbe699d55557b0d5e733
    pristine_git_object: 2abb8056bc689c9c0d1a968730f8e2f19a3254ce
  src/mcp-server/console-logger.ts:
    id: 57aff4ff2e15
    last_write_checksum: sha1:0c4b9b7c79ad0a81359210cb31b9ee4d887d5de1
    pristine_git_object: 640bca96dc5acf142b0a25dedad7ffb5d55c6375
  src/mcp-server/extensions.ts:
    id: 3d9d20ff158f
    last_write_checksum: sha1:27de1e2b8aaedc8965d1d4c4d4c500df1f28b483
    pristine_git_object: 78394e413ea070824f370b829eaf1416883e6680
  src/mcp-server/flags.ts:
    id: 0167e624a516
    last_write_checksum: sha1:08b24ec1558a550a5590dd928e50a326e3ceaf57
    pristine_git_object: 441c1ce08678d15726f06f8692d00bd4f8daa5c0
  src/mcp-server/mcp-server.ts:
    id: aabbc4ab07c1
    last_write_checksum: sha1:e39022de05b5a9abe737a429cdc9c1b4b5352c1e
    pristine_git_object: d4af9d46cc8782e68b775591fe1d7aa7a6df84b6
  src/mcp-server/prompts.ts:
    id: 26f3d73cbf31
    last_write_checksum: sha1:5ebf7a729762b1cd90afccecc101663b9905d181
    pristine_git_object: be49db35c39505e4ae2aac0f3f1a49331c7c5ff1
  src/mcp-server/resources.ts:
    id: cb0c57ebeaea
    last_write_checksum: sha1:7f223d25e81cb996c18a47b1e11593f9d8786bf5
    pristine_git_object: fd0e2d057ef0664cd8f528a453ac2056346d9e1b
  src/mcp-server/scopes.ts:
    id: 8966d24256b2
    last_write_checksum: sha1:0ca6de499e7a6a4f94de7d071b5d09842422e0eb
    pristine_git_object: bc628748008f07f8d0fd75220d5015c46817b946
  src/mcp-server/server.ts:
    id: 2784dd48e82a
    last_write_checksum: sha1:1e6cc742152400161883d2961472ba835fef98c6
    pristine_git_object: 7be0d25a927526f804a88d0d2fbdb3a1b26fef7a
  src/mcp-server/shared.ts:
    id: 074e80d4be1e
    last_write_checksum: sha1:19c9034032819a14f15c430de4350c8aba99d725
    pristine_git_object: bb74a74788ebd7d11262f5f63b8fdd29ab817f48
  src/mcp-server/tools.ts:
    id: 654d5d1f2062
    last_write_checksum: sha1:6028db1b23819165034617aad12f975a49a79e8a
    pristine_git_object: df749737c868dfed77f14277b9d8dcadd0d4a7ff
  src/mcp-server/tools/metadataFieldsCreateMetadataField.ts:
    id: faf8adfc68d8
    last_write_checksum: sha1:863fa224183143a0d18f8245b17aefabea18cf6d
    pristine_git_object: a255ca56f2804336383f3d336ddc5b130e70d508
  src/mcp-server/tools/metadataFieldsDeleteMetadataField.ts:
    id: e734bea10b3e
    last_write_checksum: sha1:ad6b264c9991e9d857ea28fd5ccfd113f97e2cee
    pristine_git_object: 88923e6f54942789cda46cd664716c57d0947026
  src/mcp-server/tools/metadataFieldsDeleteMetadataFieldDatasource.ts:
    id: 925e256a46da
    last_write_checksum: sha1:933f4afe06e7378785d0a9cf0377d480a12e87c4
    pristine_git_object: 39e0d9af34ba03cd8378ac88f98f212f42df00c6
  src/mcp-server/tools/metadataFieldsGetMetadataField.ts:
    id: "395597030e76"
    last_write_checksum: sha1:74189d7712168a46bffefd59ccceb84691e933ff
    pristine_git_object: 3764fe9e54d41c33a93e2745f9d9aadccbdc1d75
  src/mcp-server/tools/metadataFieldsListMetadataFields.ts:
    id: 0195eb8c30e0
    last_write_checksum: sha1:5c8c6c0d2dc8b1d9a811d8a25cf0a8c382b7402d
    pristine_git_object: 0574f85535471bacde2415beef75dd3e9894b621
  src/mcp-server/tools/metadataFieldsUpdateMetadataField.ts:
    id: 09f87590e676
    last_write_checksum: sha1:ca2bced46f692fcbd65517d58320b60737785434
    pristine_git_object: 6b7123ae337ddc327c93b74cecaecb17ac3a22c2
  src/mcp-server/tools/metadataFieldsUpdateMetadataFieldDatasource.ts:
    id: c8087f10db24
    last_write_checksum: sha1:415bc86fcca10c4f66115100dab1b013a64cd7b0
    pristine_git_object: e5c7d6f1564da66962475bd3f991223b36b8f972
  src/mcp-server/tools/metadataRulesCreateMetadataRule.ts:
    id: 944930982ee7
    last_write_checksum: sha1:c186e0fe531a5c415ffa6c46ad2b69fd280f81c1
    pristine_git_object: 4b754859a3db88751ab633d0b6c2d57b5b64885f
  src/mcp-server/tools/metadataRulesDeleteMetadataRule.ts:
    id: c1a942ae2a63
    last_write_checksum: sha1:4baeaf7571049a9549a5a12226bb49a6fc37a62b
    pristine_git_object: 5071c803b6509c53fb0725c7620828b12a602083
  src/mcp-server/tools/metadataRulesListMetadataRules.ts:
    id: b29940101649
    last_write_checksum: sha1:ff693a518a7a09b151d6c007a52edb5cad890ab7
    pristine_git_object: c93ac1533957290c864beddef57d80016434a208
  src/mcp-server/tools/metadataRulesUpdateMetadataRule.ts:
    id: 62cd1a980980
    last_write_checksum: sha1:c819d83abf459be64ec9e1a71f06ef338afd5ed7
    pristine_git_object: 5f7e6b3af5c172d9a75f0d73f011d4465cee8164
  src/models/actionexp.ts:
    id: f7aaa38e9825
    last_write_checksum: sha1:e10b668636bb6bf97a5d9ea82375dbbedffbb2a5
    pristine_git_object: 2218fff49882c5b9b9783bd6c8190191d00d7020
  src/models/apierror.ts:
    id: ba8cfc219d76
    last_write_checksum: sha1:a243d712cc66f6e61ea7015363c18be5524924dc
    pristine_git_object: 634436de9b0b8f6aa15dd0091073243d760f60c0
  src/models/condexp.ts:
    id: 2b56f44a0af7
    last_write_checksum: sha1:28618b4a9412f735ec727fa57e1a6a2a6b5c8e6a
    pristine_git_object: cc0f4506eda169011bb7419ce94f30c88cbd2b90
  src/models/createmetadatafieldop.ts:
    id: 22e1b361a5ea
    last_write_checksum: sha1:9832344c0f1a84b7c7d5358ec42968170ab59a4f
    pristine_git_object: ade6697e33635a8f149fc991c511b8b12c779945
  src/models/createmetadataruleop.ts:
    id: a04504005165
    last_write_checksum: sha1:6de29a09fe04e3bcaf86b4eb574d818662c6c712
    pristine_git_object: 7142727a762a448dd1beaa649768f92b255d0a0e
  src/models/datasourceexternalidsrequest.ts:
    id: 2510e31c67a5
    last_write_checksum: sha1:348c5b1f68e296824dcd169e0c62fe644069c3f2
    pristine_git_object: f332fad77af96a9a70231307838d7d8dd52d53db
  src/models/datasourcesearchinfieldrequest.ts:
    id: f15399f93c0b
    last_write_checksum: sha1:a73c274d8d58f39e254c1e203e729917d005c841
    pristine_git_object: 0735ca53b803f128466c053b23e5ad96ce3026e5
  src/models/datasourcesearchrequest.ts:
    id: 36cda649b2e0
    last_write_checksum: sha1:fa9eab49372044a351c770ca9486400a6ba33d60
    pristine_git_object: a182426dbf3de58fc993f868b10e534d16a9703e
  src/models/datasourcesearchresult.ts:
    id: 25522fc96eb9
    last_write_checksum: sha1:528f0a71e88f4e8d6c516ae4bf41e3dd8d1a58cf
    pristine_git_object: 50e5e92398a7f375adfa239bbe5df8121e887e4d
  src/models/datasourcevalueinput.ts:
    id: d07ed7039e5c
    last_write_checksum: sha1:3e299cb7d22acad60d2e69bcec92b0510a6a8fee
    pristine_git_object: 8f9cf4d1dd959b05b68652ac6dfc5fd3277034cf
  src/models/deletemetadatafielddatasourceop.ts:
    id: cdfb48857219
    last_write_checksum: sha1:f6a084aa828d4101d450596a3bffbc09875900e2
    pristine_git_object: 106994405d7822d14ae4b0a3401ebcec699d576a
  src/models/deletemetadatafieldop.ts:
    id: 6847b752aa5d
    last_write_checksum: sha1:e8a0d80a8ce802f72ef08a047f924bfc9da32dd8
    pristine_git_object: dc8bb08ce5419b9ffe3b2f28c148bd40f9c00722
  src/models/deletemetadataruleop.ts:
    id: 81c0f15bd9ce
    last_write_checksum: sha1:647d7c93ed56c419636b74c736f7823741b61c3e
    pristine_git_object: 3a6dab2d60877d2d9b0cec0e57945ec49511b674
  src/models/directionenum.ts:
    id: 5fed402df411
    last_write_checksum: sha1:0a8bb2d57e6e8b9b83fee3e26e673c523da166c4
    pristine_git_object: e6d1a7f386b3b2440ac6b2f1aace4f737cf7e8aa
  src/models/errors/apierror.ts:
    id: e2280e075454
    last_write_checksum: sha1:1a4199dec47757c19b2e88dbd767d7f24ab9522a
    pristine_git_object: 7e098c1187dbd81288c0d2cd8802dfff25a295bf
  src/models/errors/httpclienterrors.ts:
    id: 6948de76af99
    last_write_checksum: sha1:994ced121c54fecd0af038ccfb7855fbfd3868ec
    pristine_git_object: b34f612124c797c2a1106b9735708f679a90b74f
  src/models/errors/sdkvalidationerror.ts:
    id: fb6b2b49c445
    last_write_checksum: sha1:ce8bb73a1243f8ea8fa3b71a181e586e29dd02c9
    pristine_git_object: 7749cf32c29ba2d44124253d9f07fbb1913b89f6
  src/models/getmetadatafieldop.ts:
    id: 961e2a85d880
    last_write_checksum: sha1:2ec8fda22d0b57c830bfbbccddacb3f83193b7c2
    pristine_git_object: 8890512b6b4fc05f69d89e1e8a99fe2190f0e6d0
  src/models/listmetadatafieldsop.ts:
    id: 7aded7a0f697
    last_write_checksum: sha1:0d6a2d7f09f08f8436e6124c2137395ae69edd47
    pristine_git_object: 7f88f0151e44c676342b0faa6c2685a4cf3e2684
  src/models/listmetadatarulesop.ts:
    id: e65bafe4b536
    last_write_checksum: sha1:ccad1618579b601aafcf281c719a23364ea99a1a
    pristine_git_object: b04088c2fe84ac0ea18ba0b5ead820c911a0620d
  src/models/logicexpunion.ts:
    id: c49d887571dc
    last_write_checksum: sha1:daa62930d5b569930be85350645eba5721fca62e
    pristine_git_object: 7136bb0f2c75036d91c7d631d675322cfd6b66cf
  src/models/messageresponse.ts:
    id: fafc9db00f76
    last_write_checksum: sha1:cc7ac5ab264043f7aec881cb7321119088e96869
    pristine_git_object: ff1413093657cd37b449eb4c693f7a7ae30dc707
  src/models/metadatafield.ts:
    id: 23e37dbac746
    last_write_checksum: sha1:4c56ce67ea772c9158332dc234eecd38628dd801
    pristine_git_object: ddda27ac3a9b84d483c136a713deba7d066d0bb7
  src/models/metadatafielddatasourcevalue.ts:
    id: 51c7e4cb8022
    last_write_checksum: sha1:f1d755b14d1a7fc4c22c971b94a928904976c743
    pristine_git_object: b68021fba4e262e7a421106e0cb55271a6d164a8
  src/models/metadatafielddatasourcevaluesarray.ts:
    id: c2c679b0532a
    last_write_checksum: sha1:b0da6a3c226e47bbdd6ec11a20cb4e057bf7f393
    pristine_git_object: 0ccc241396d2ae0c7aaf057ab9ab712ae9431e14
  src/models/metadatafieldslistresponse.ts:
    id: 5713719e35b3
    last_write_checksum: sha1:0add429efdc7b6437ac77d9f5e0df9d6e54a428f
    pristine_git_object: 66cfa4576a832da4dff7d5dfc0444a04d8544479
  src/models/metadatarulecreate.ts:
    id: 60b4d6af498a
    last_write_checksum: sha1:e64700d0d05243faf4586ad6983c954a224ef687
    pristine_git_object: bf7310e71efafe58756515b5c131bc569abf2cdb
  src/models/metadataruleresponse.ts:
    id: 21c58996fd9b
    last_write_checksum: sha1:c63cf16fd46b83b2eaf082e0fa573fdb1c7d024a
    pristine_git_object: 7b84fba0d40d656b04fdda88e7d0f09c9d4f9a61
  src/models/metadataruleslistresponse.ts:
    id: 1e5674196796
    last_write_checksum: sha1:f8f9c20fb58edf9418f2bedef512214e39477a7f
    pristine_git_object: 911e38511e9c520322f66087ed1ce914e8ea8b2f
  src/models/metadataruleupdate.ts:
    id: 23fd8856a36e
    last_write_checksum: sha1:b857145071e7eb2925b1276743beda6f2e2e85ee
    pristine_git_object: 497112203a887e03e526f076b773dd00c81e98bf
  src/models/optionsexp.ts:
    id: b3742d3f2e49
    last_write_checksum: sha1:0e2319aa3812e846e9ae0d30192b18cecb79b784
    pristine_git_object: de27205109ec7b77b7a09bb78640ef1cd7e6dec3
  src/models/reordermetadatafieldop.ts:
    id: 391c5c6b769b
    last_write_checksum: sha1:ba89b611da8700676113241a73e86022a21a5b82
    pristine_git_object: b549d9010028ff0fd8e59256f11b99f7f9b93f85
  src/models/reordermetadatafieldrequest.ts:
    id: f5afe7656e0a
    last_write_checksum: sha1:17bbaac621f9112106f1bcd0f623373964825579
    pristine_git_object: e641e0f797b5e880649513e177dde32e5b8ca940
  src/models/reordermetadatafieldsop.ts:
    id: cd859349ced7
    last_write_checksum: sha1:692f1005f8668831ef633257e3ae93473231989a
    pristine_git_object: c5ada43ab93fd82639e7d3833023751a5e591bf0
  src/models/reordermetadatafieldsrequest.ts:
    id: 35f7f2eb93e6
    last_write_checksum: sha1:4429c75a7d2dc62c4ec1b56b04407c8859dbe50c
    pristine_git_object: 8cc1b2d4e9cdb74725f5027fa3630c53d246edfa
  src/models/restoremetadatafielddatasourceop.ts:
    id: 1ddef02e7726
    last_write_checksum: sha1:88ec588c99867ef0d18e8ea403ffa00acd604971
    pristine_git_object: e11779626fb4249a4e23821bd37750c5aa642a55
  src/models/schemecloudinaryauth.ts:
    id: 12cfe3c34e03
    last_write_checksum: sha1:2bca4701aa32085d39bfd71b03d231416810311f
    pristine_git_object: 92ddf2abb83a71360c1bf1a0391026df7b5466e9
  src/models/searchdatasourceinmdfieldop.ts:
    id: 8615c4aa037c
    last_write_checksum: sha1:4c8b190a33e6a958e201726357b616e19d80ea97
    pristine_git_object: feb1b74094b9d0d949dcced3f873f4a33af21584
  src/models/searchmetadatafielddatasourceop.ts:
    id: b6decf1661d1
    last_write_checksum: sha1:4ac7d8324f4bf7fffcbc8a67dac10f6a77d166e2
    pristine_git_object: 5c920dd67d7786c850e74e3f3c4635cb8344a62a
  src/models/security.ts:
    id: d90c6c784ca5
    last_write_checksum: sha1:eb5b9cec6e10649ef8e95ff55ef644053e89a4a4
    pristine_git_object: dff194aeeb96cac232d0c04f935fd0558aab88db
  src/models/smdcondition.ts:
    id: bc28158683aa
    last_write_checksum: sha1:ef430859e5a1ddd437d7a158f6e444cdc0cb4a4c
    pristine_git_object: 29755adfdc5589372a583e0778226585e9fb1d32
  src/models/stateenum.ts:
    id: 71e5bbba8817
    last_write_checksum: sha1:41bb4edb8f5ec469bde46e686410979a6c8305d6
    pristine_git_object: d5d474949f9fd6f6a6d4e4150aeca826096f0373
  src/models/successresponse.ts:
    id: 5d95d1ff8650
    last_write_checksum: sha1:a9ab87f0c50c7777239cf6534e7f5a01d89adfd8
    pristine_git_object: 1b64eb4045a1646e51300434d9a3e9721d8c27e9
  src/models/updatedatasourcerequest.ts:
    id: 449307857b00
    last_write_checksum: sha1:d6591c0760e6330e2acc382a3850d01ad4b00ee9
    pristine_git_object: 9daff1761e9a0a8b6d8addbf764bc7935328fe4c
  src/models/updatemetadatafielddatasourceop.ts:
    id: 7c4dab7df8cb
    last_write_checksum: sha1:a25f8288cc5ac295be80bc9453691c55a92c0464
    pristine_git_object: 4f5a900cae5ef8718559c2be314283fe4fef4f31
  src/models/updatemetadatafieldop.ts:
    id: 13425910f6cf
    last_write_checksum: sha1:84e1dfc92ec159a1c062540f0a0025df457c5233
    pristine_git_object: fab8e36b3cc331775147d085cd84ed8999538295
  src/models/updatemetadataruleop.ts:
    id: e7ffd4b6b716
    last_write_checksum: sha1:bcc8c14dfaa57b009ff70c08bd3f4326d8eb8ca7
    pristine_git_object: d24176d9d102f4d07be9a31d8a9e3fe45cbafe2e
  src/models/valueexp.ts:
    id: a7ecdc11657f
    last_write_checksum: sha1:746baab882d77a46214dfc8c6bec5347799d1127
    pristine_git_object: 5a08e9b02d43008235b8b7ebff34171dc2bd2292
  src/tool-names.ts:
    id: a9977280f9eb
    last_write_checksum: sha1:496949f996ad46ef309b1bfafa1e474e53d07f87
    pristine_git_object: 83747003545feab99943372c90a4bce0c2806fb0
  src/types/async.ts:
    id: fac8da972f86
    last_write_checksum: sha1:3ff07b3feaf390ec1aeb18ff938e139c6c4a9585
    pristine_git_object: 689dba5de50e8769e5f3bb913e3f42a146d15bc1
  src/types/bigint.ts:
    id: 3ca6e3280e43
    last_write_checksum: sha1:58178437a7d38f022b5d9bef691ba5539fad4655
    pristine_git_object: f32ee5fe6a2dbf82bd2d1ec7c17cd2987bcff1d6
  src/types/blobs.ts:
    id: f8ab9b326c86
    last_write_checksum: sha1:9cc86e0e9420999afb48d53c57d71584be745fd7
    pristine_git_object: c1cc513af4ca0e96d1525954241592e3f57711bb
  src/types/enums.ts:
    id: 4d03ddfe5100
    last_write_checksum: sha1:384e3fc4bee3f006cd8f39556a44b3508597b8e5
    pristine_git_object: 6fb6d9109d8a9f27160bdb3a20456a5c3a608a51
  src/types/fp.ts:
    id: ae9f0fb8aab6
    last_write_checksum: sha1:d24994d58f37a1ca106847fcc6d2e976c6f1c093
    pristine_git_object: ccbe51eac69dfb0da5131f14fd753c4b47c1d527
  src/types/rfcdate.ts:
    id: 9eb64906dcd6
    last_write_checksum: sha1:8e5f382e02fe21c2f2e24deb1b7bbf8cddd3dd16
    pristine_git_object: c79b3f53a3dd922aa2ace5a4191c8652cf9a8e89
  src/types/streams.ts:
    id: f99be9c4bf14
    last_write_checksum: sha1:cc9ced2dd34a76c3a1bd7784ccda1cc3b37ab9a9
    pristine_git_object: a0163e7a99cea88f21d0ad4ce3af1c720180ee20
  tsconfig.json:
    id: 61ebb9fd6e8c
    last_write_checksum: sha1:2a1769fabf9e934fa0b118db46d3b66cb500a6b7
    pristine_git_object: 0ca48942a1b9cd923d614985dfb81f0dc7e1d298
examples:
  createMetadataField:
    speakeasy-default-create-metadata-field:
      parameters:
        path:
          cloud_name: "<value>"
      requestBody:
        application/json: {"type": "set", "label": "<value>"}
      responses:
        "200":
          application/json: {}
        "400":
          application/json: {"error": {"message": "<value>"}}
  listMetadataFields:
    speakeasy-default-list-metadata-fields:
      parameters:
        path:
          cloud_name: "<value>"
      responses:
        "200":
          application/json: {}
        "401":
          application/json: {"error": {"message": "<value>"}}
  getMetadataField:
    speakeasy-default-get-metadata-field:
      parameters:
        path:
          external_id: "<id>"
          cloud_name: "<value>"
      responses:
        "200":
          application/json: {}
        "401":
          application/json: {"error": {"message": "<value>"}}
  updateMetadataField:
    speakeasy-default-update-metadata-field:
      parameters:
        path:
          external_id: "<id>"
          cloud_name: "<value>"
      requestBody:
        application/json: {}
      responses:
        "200":
          application/json: {}
        "400":
          application/json: {"error": {"message": "<value>"}}
  deleteMetadataField:
    speakeasy-default-delete-metadata-field:
      parameters:
        path:
          external_id: "<id>"
          cloud_name: "<value>"
      responses:
        "200":
          application/json: {"message": "<value>"}
        "400":
          application/json: {"error": {"message": "<value>"}}
  searchMetadataFieldDatasource:
    speakeasy-default-search-metadata-field-datasource:
      parameters:
        path:
          cloud_name: "<value>"
      requestBody:
        application/json: {"max_results": 100}
      responses:
        "200":
          application/json: [{}]
        "401":
          application/json: {"error": {"message": "<value>"}}
  reorderMetadataFields:
    speakeasy-default-reorder-metadata-fields:
      parameters:
        path:
          cloud_name: "<value>"
      requestBody:
        application/json: {"order_by": "external_id"}
      responses:
        "200":
          application/json: {}
        "400":
          application/json: {"error": {"message": "<value>"}}
  reorderMetadataField:
    speakeasy-default-reorder-metadata-field:
      parameters:
        path:
          external_id: "<id>"
          cloud_name: "<value>"
      requestBody:
        application/json: {"position": 33651}
      responses:
        "200":
          application/json: {}
        "400":
          application/json: {"error": {"message": "<value>"}}
  updateMetadataFieldDatasource:
    speakeasy-default-update-metadata-field-datasource:
      parameters:
        path:
          external_id: "<id>"
          cloud_name: "<value>"
      requestBody:
        application/json: {}
      responses:
        "200":
          application/json: {}
        "400":
          application/json: {"error": {"message": "<value>"}}
  deleteMetadataFieldDatasource:
    speakeasy-default-delete-metadata-field-datasource:
      parameters:
        path:
          external_id: "<id>"
          cloud_name: "<value>"
      requestBody:
        application/json: {"external_ids": ["<value 1>", "<value 2>"]}
      responses:
        "200":
          application/json: {}
        "400":
          application/json: {"error": {"message": "<value>"}}
  searchDatasourceInMDField:
    speakeasy-default-search-datasource-in-MD-field:
      parameters:
        path:
          external_id: "<id>"
          cloud_name: "<value>"
        query:
          max_results: 255
          exact_match: false
      requestBody:
        application/json: {}
      responses:
        "200":
          application/json: {}
        "401":
          application/json: {"error": {"message": "<value>"}}
  restoreMetadataFieldDatasource:
    speakeasy-default-restore-metadata-field-datasource:
      parameters:
        path:
          external_id: "<id>"
          cloud_name: "<value>"
      requestBody:
        application/json: {"external_ids": ["<value 1>", "<value 2>", "<value 3>"]}
      responses:
        "200":
          application/json: {}
        "400":
          application/json: {"error": {"message": "<value>"}}
  createMetadataRule:
    speakeasy-default-create-metadata-rule:
      parameters:
        path:
          cloud_name: "<value>"
      requestBody:
        application/json: {"metadata_field_id": "smd-field-1", "name": "My Rule", "condition": {"metadata_field_id": "smd-field-2", "populated": true}, "result": {"apply_value": {"value": "my value", "mode": "default"}}, "state": "active", "position": 1}
      responses:
        "200":
          application/json: {"metadata_field_id": "smd-field-1", "name": "My Rule", "condition": {"metadata_field_id": "smd-field-2", "populated": true}, "result": {"apply_value": {"value": "my value", "mode": "default"}}, "state": "active", "position": 1, "external_id": "1234567890", "condition_signature": "dGhlIGZveCBqdW1wZWQgb3ZlciB0aGUgbGF6eSBkb2c"}
        "400":
          application/json: {"error": {"message": "<value>"}}
  listMetadataRules:
    speakeasy-default-list-metadata-rules:
      parameters:
        path:
          cloud_name: "<value>"
      responses:
        "200":
          application/json: {"metadata_rules": [{"metadata_field_id": "smd-field-1", "name": "My Rule", "condition": {"metadata_field_id": "smd-field-2", "populated": true}, "result": {"apply_value": {"value": "my value", "mode": "default"}}, "state": "active", "position": 1, "external_id": "1234567890", "condition_signature": "dGhlIGZveCBqdW1wZWQgb3ZlciB0aGUgbGF6eSBkb2c"}]}
        "401":
          application/json: {"error": {"message": "<value>"}}
  updateMetadataRule:
    speakeasy-default-update-metadata-rule:
      parameters:
        path:
          external_id: "<id>"
          cloud_name: "<value>"
      requestBody:
        application/json: {"metadata_field_id": "smd-field-1", "name": "My Rule", "condition": {"metadata_field_id": "smd-field-2", "populated": true}, "result": {"apply_value": {"value": "my value", "mode": "default"}}, "state": "active", "position": 1}
      responses:
        "200":
          application/json: {"metadata_field_id": "smd-field-1", "name": "My Rule", "condition": {"metadata_field_id": "smd-field-2", "populated": true}, "result": {"apply_value": {"value": "my value", "mode": "default"}}, "state": "active", "position": 1, "external_id": "1234567890", "condition_signature": "dGhlIGZveCBqdW1wZWQgb3ZlciB0aGUgbGF6eSBkb2c"}
        "400":
          application/json: {"error": {"message": "<value>"}}
  deleteMetadataRule:
    speakeasy-default-delete-metadata-rule:
      parameters:
        path:
          external_id: "<id>"
          cloud_name: "<value>"
      responses:
        "200":
          application/json: {"success": false}
        "400":
          application/json: {"error": {"message": "<value>"}}
examplesVersion: 1.0.2
releaseNotes: "## Mcp-typescript SDK Changes:\n* `CloudinarySMD.metadata_fields.createMetadataField()`: \n  *  `request.validation` **Changed** (Breaking ⚠️)\n  *  `response` **Changed** (Breaking ⚠️)\n* `CloudinarySMD.metadata_fields.listMetadataFields()`:  `response.metadata_fields[]` **Changed** (Breaking ⚠️)\n* `CloudinarySMD.metadata_fields.getMetadataField()`:  `response` **Changed** (Breaking ⚠️)\n* `CloudinarySMD.metadata_fields.updateMetadataField()`: \n  *  `request.metadata_field` **Changed** (Breaking ⚠️)\n  *  `response` **Changed** (Breaking ⚠️)\n* `CloudinarySMD.metadata_fields.updateMetadataFieldDatasource()`:  `request` **Changed** (Breaking ⚠️)\n* `CloudinarySMD.metadata_fields.deleteMetadataFieldDatasource()`:  `request` **Changed** (Breaking ⚠️)\n"
generatedFiles:
  - .dxtignore
  - .gitattributes
  - .npmignore
  - eslint.config.mjs
  - manifest.json
  - package.json
  - src/core.ts
  - src/funcs/metadataFieldsCreateMetadataField.ts
  - src/funcs/metadataFieldsDeleteMetadataField.ts
  - src/funcs/metadataFieldsDeleteMetadataFieldDatasource.ts
  - src/funcs/metadataFieldsGetMetadataField.ts
  - src/funcs/metadataFieldsListMetadataFields.ts
  - src/funcs/metadataFieldsReorderMetadataField.ts
  - src/funcs/metadataFieldsReorderMetadataFields.ts
  - src/funcs/metadataFieldsRestoreMetadataFieldDatasource.ts
  - src/funcs/metadataFieldsSearchDatasourceInMDField.ts
  - src/funcs/metadataFieldsSearchMetadataFieldDatasource.ts
  - src/funcs/metadataFieldsUpdateMetadataField.ts
  - src/funcs/metadataFieldsUpdateMetadataFieldDatasource.ts
  - src/funcs/metadataRulesCreateMetadataRule.ts
  - src/funcs/metadataRulesDeleteMetadataRule.ts
  - src/funcs/metadataRulesListMetadataRules.ts
  - src/funcs/metadataRulesUpdateMetadataRule.ts
  - src/hooks/hooks.ts
  - src/hooks/oauth2scopes.ts
  - src/hooks/types.ts
  - src/lib/base64.ts
  - src/lib/config.ts
  - src/lib/dlv.ts
  - src/lib/encodings.ts
  - src/lib/env.ts
  - src/lib/files.ts
  - src/lib/http.ts
  - src/lib/is-plain-object.ts
  - src/lib/logger.ts
  - src/lib/matchers.ts
  - src/lib/primitives.ts
  - src/lib/result.ts
  - src/lib/retries.ts
  - src/lib/schemas.ts
  - src/lib/sdks.ts
  - src/lib/security.ts
  - src/lib/url.ts
  - src/mcp-server/build.mts
  - src/mcp-server/cli.ts
  - src/mcp-server/cli/start/command.ts
  - src/mcp-server/cli/start/impl.ts
  - src/mcp-server/console-logger.ts
  - src/mcp-server/extensions.ts
  - src/mcp-server/mcp-server.ts
  - src/mcp-server/prompts.ts
  - src/mcp-server/resources.ts
  - src/mcp-server/scopes.ts
  - src/mcp-server/server.ts
  - src/mcp-server/shared.ts
  - src/mcp-server/tools.ts
  - src/mcp-server/tools/metadataFieldsCreateMetadataField.ts
  - src/mcp-server/tools/metadataFieldsDeleteMetadataField.ts
  - src/mcp-server/tools/metadataFieldsDeleteMetadataFieldDatasource.ts
  - src/mcp-server/tools/metadataFieldsGetMetadataField.ts
  - src/mcp-server/tools/metadataFieldsListMetadataFields.ts
  - src/mcp-server/tools/metadataFieldsUpdateMetadataField.ts
  - src/mcp-server/tools/metadataFieldsUpdateMetadataFieldDatasource.ts
  - src/mcp-server/tools/metadataRulesCreateMetadataRule.ts
  - src/mcp-server/tools/metadataRulesDeleteMetadataRule.ts
  - src/mcp-server/tools/metadataRulesListMetadataRules.ts
  - src/mcp-server/tools/metadataRulesUpdateMetadataRule.ts
  - src/models/actionexp.ts
  - src/models/apierror.ts
  - src/models/condexp.ts
  - src/models/createmetadatafieldop.ts
  - src/models/createmetadataruleop.ts
  - src/models/deletemetadatafielddatasourceop.ts
  - src/models/deletemetadatafieldop.ts
  - src/models/deletemetadataruleop.ts
  - src/models/errors/apierror.ts
  - src/models/errors/httpclienterrors.ts
  - src/models/errors/sdkvalidationerror.ts
  - src/models/getmetadatafieldop.ts
  - src/models/listmetadatafieldsop.ts
  - src/models/listmetadatarulesop.ts
  - src/models/logicexpunion.ts
  - src/models/metadatafield.ts
  - src/models/metadatafielddatasourcevalue.ts
  - src/models/metadatafielddatasourcevaluesarray.ts
  - src/models/metadatarulecreate.ts
  - src/models/metadataruleresponse.ts
  - src/models/metadataruleupdate.ts
  - src/models/optionsexp.ts
  - src/models/reordermetadatafieldop.ts
  - src/models/reordermetadatafieldsop.ts
  - src/models/restoremetadatafielddatasourceop.ts
  - src/models/schemecloudinaryauth.ts
  - src/models/searchdatasourceinmdfieldop.ts
  - src/models/searchmetadatafielddatasourceop.ts
  - src/models/security.ts
  - src/models/smdcondition.ts
  - src/models/updatemetadatafielddatasourceop.ts
  - src/models/updatemetadatafieldop.ts
  - src/models/updatemetadataruleop.ts
  - src/models/valueexp.ts
  - src/types/async.ts
  - src/types/blobs.ts
  - src/types/enums.ts
  - src/types/fp.ts
  - src/types/rfcdate.ts
  - src/types/streams.ts
  - tsconfig.json
