lockVersion: 2.0.0
id: cce51212-9f48-488d-9ded-b8a6fac39957
management:
  docChecksum: eab526d8b254c5b20caf9fc470128640
  docVersion: 0.3.5
  speakeasyVersion: 1.665.0
  generationVersion: 2.767.2
  releaseVersion: 0.3.0
  configChecksum: 521f4df0f08efc06cbf6de5f9a101d90
  published: true
features:
  mcp-typescript:
    additionalDependencies: 0.1.0
    constsAndDefaults: 0.1.0
    core: 0.8.4
    customSecuritySchemes: 0.1.1
    defaultEnabledRetries: 0.1.0
    enumUnions: 0.1.0
    flattening: 0.1.0
    globalSecurity: 0.1.1
    globalSecurityCallbacks: 0.0.0
    globalServerURLs: 0.1.1
    globals: 0.1.0
    hiddenGlobals: 0.1.0
    nullables: 0.1.0
    responseFormat: 0.1.1
    retries: 0.1.0
    sdkHooks: 0.3.0
    unions: 0.2.0
generatedFiles:
  - .dxtignore
  - .gitattributes
  - .npmignore
  - eslint.config.mjs
  - manifest.json
  - package.json
  - src/core.ts
  - src/funcs/metadataFieldsCreateMetadataField.ts
  - src/funcs/metadataFieldsDeleteMetadataField.ts
  - src/funcs/metadataFieldsDeleteMetadataFieldDatasource.ts
  - src/funcs/metadataFieldsGetMetadataField.ts
  - src/funcs/metadataFieldsListMetadataFields.ts
  - src/funcs/metadataFieldsReorderMetadataField.ts
  - src/funcs/metadataFieldsReorderMetadataFields.ts
  - src/funcs/metadataFieldsRestoreMetadataFieldDatasource.ts
  - src/funcs/metadataFieldsSearchDatasourceInMDField.ts
  - src/funcs/metadataFieldsSearchMetadataFieldDatasource.ts
  - src/funcs/metadataFieldsUpdateMetadataField.ts
  - src/funcs/metadataFieldsUpdateMetadataFieldDatasource.ts
  - src/funcs/metadataRulesCreateMetadataRule.ts
  - src/funcs/metadataRulesDeleteMetadataRule.ts
  - src/funcs/metadataRulesListMetadataRules.ts
  - src/funcs/metadataRulesUpdateMetadataRule.ts
  - src/hooks/hooks.ts
  - src/hooks/oauth2scopes.ts
  - src/hooks/types.ts
  - src/lib/base64.ts
  - src/lib/config.ts
  - src/lib/dlv.ts
  - src/lib/encodings.ts
  - src/lib/env.ts
  - src/lib/files.ts
  - src/lib/http.ts
  - src/lib/is-plain-object.ts
  - src/lib/logger.ts
  - src/lib/matchers.ts
  - src/lib/primitives.ts
  - src/lib/result.ts
  - src/lib/retries.ts
  - src/lib/schemas.ts
  - src/lib/sdks.ts
  - src/lib/security.ts
  - src/lib/url.ts
  - src/mcp-server/build.mts
  - src/mcp-server/cli.ts
  - src/mcp-server/cli/start/command.ts
  - src/mcp-server/cli/start/impl.ts
  - src/mcp-server/console-logger.ts
  - src/mcp-server/extensions.ts
  - src/mcp-server/mcp-server.ts
  - src/mcp-server/prompts.ts
  - src/mcp-server/resources.ts
  - src/mcp-server/scopes.ts
  - src/mcp-server/server.ts
  - src/mcp-server/shared.ts
  - src/mcp-server/tools.ts
  - src/mcp-server/tools/metadataFieldsCreateMetadataField.ts
  - src/mcp-server/tools/metadataFieldsDeleteMetadataField.ts
  - src/mcp-server/tools/metadataFieldsDeleteMetadataFieldDatasource.ts
  - src/mcp-server/tools/metadataFieldsGetMetadataField.ts
  - src/mcp-server/tools/metadataFieldsListMetadataFields.ts
  - src/mcp-server/tools/metadataFieldsUpdateMetadataField.ts
  - src/mcp-server/tools/metadataFieldsUpdateMetadataFieldDatasource.ts
  - src/mcp-server/tools/metadataRulesCreateMetadataRule.ts
  - src/mcp-server/tools/metadataRulesDeleteMetadataRule.ts
  - src/mcp-server/tools/metadataRulesListMetadataRules.ts
  - src/mcp-server/tools/metadataRulesUpdateMetadataRule.ts
  - src/models/apierror.ts
  - src/models/createmetadatafieldop.ts
  - src/models/createmetadataruleop.ts
  - src/models/deletemetadatafielddatasourceop.ts
  - src/models/deletemetadatafieldop.ts
  - src/models/deletemetadataruleop.ts
  - src/models/errors/apierror.ts
  - src/models/errors/httpclienterrors.ts
  - src/models/errors/sdkvalidationerror.ts
  - src/models/getmetadatafieldop.ts
  - src/models/listmetadatafieldsop.ts
  - src/models/listmetadatarulesop.ts
  - src/models/metadatafield.ts
  - src/models/metadatafielddatasourcevalue.ts
  - src/models/metadatafielddatasourcevaluesarray.ts
  - src/models/metadatarulecreate.ts
  - src/models/metadataruleresponse.ts
  - src/models/metadataruleupdate.ts
  - src/models/reordermetadatafieldop.ts
  - src/models/reordermetadatafieldsop.ts
  - src/models/restoremetadatafielddatasourceop.ts
  - src/models/schemecloudinaryauth.ts
  - src/models/searchdatasourceinmdfieldop.ts
  - src/models/searchmetadatafielddatasourceop.ts
  - src/models/security.ts
  - src/models/updatemetadatafielddatasourceop.ts
  - src/models/updatemetadatafieldop.ts
  - src/models/updatemetadataruleop.ts
  - src/types/async.ts
  - src/types/blobs.ts
  - src/types/enums.ts
  - src/types/fp.ts
  - src/types/rfcdate.ts
  - src/types/streams.ts
  - tsconfig.json
examplesVersion: 1.0.2
