speakeasyVersion: 1.668.0
sources:
    CloudinarySMD-MCP-OAS:
        sourceNamespace: cloudinary-structured-metadata-mcp-oas
        sourceRevisionDigest: sha256:7a2d4deb09c1a070b65e8f228394452d0c65f362e54906a5ab4019d550b41c1b
        sourceBlobDigest: sha256:3cc42bc0d56c8dd67bf5ea1d600e5c304fadc3604c17eec007c69e3d9c2f4344
        tags:
            - latest
            - speakeasy-sdk-regen-test-workflow-1764839869
            - 0.3.5
targets:
    cloudinary-structured-metadata-mcp:
        source: CloudinarySMD-MCP-OAS
        sourceNamespace: cloudinary-structured-metadata-mcp-oas
        sourceRevisionDigest: sha256:7a2d4deb09c1a070b65e8f228394452d0c65f362e54906a5ab4019d550b41c1b
        sourceBlobDigest: sha256:3cc42bc0d56c8dd67bf5ea1d600e5c304fadc3604c17eec007c69e3d9c2f4344
workflow:
    workflowVersion: 1.0.0
    speakeasyVersion: latest
    sources:
        CloudinarySMD-MCP-OAS:
            inputs:
                - location: https://cloudinary.github.io/api-schemas/structured-metadata/schema.yml
            overlays:
                - location: https://cloudinary.github.io/api-schemas/overlays/security-scheme-cloud-overlay.yaml
                - location: https://cloudinary.github.io/api-schemas/overlays/cloud-name-overlay.yml
                - location: https://cloudinary.github.io/api-schemas/overlays/mcp-disabled.yml
                - location: https://cloudinary.github.io/api-schemas/overlays/remove-mcp-description.yml
                - location: https://cloudinary.github.io/api-schemas/overlays/signature-optional-overlay.yml
                - location: https://cloudinary.github.io/api-schemas/structured-metadata/overlays/metadata_rules_overlay.yml
            registry:
                location: registry.speakeasyapi.dev/cloudinary/cloudinary/cloudinary-structured-metadata-mcp-oas
    targets:
        cloudinary-structured-metadata-mcp:
            target: mcp-typescript
            source: CloudinarySMD-MCP-OAS
            publish:
                npm:
                    token: $npm_token
