speakeasyVersion: 1.761.10
sources:
    CloudinarySMD-MCP-OAS:
        sourceNamespace: cloudinary-structured-metadata-mcp-oas
        sourceRevisionDigest: sha256:85c63199be6e15b3d6b3d16a16e2c33690a4dc147f2e48dc453b20a5fbf5ec43
        sourceBlobDigest: sha256:eb5e17fde26cf563d32221dfa8dc025a27f13caf100005f1871c0891263f45e8
        tags:
            - latest
            - 0.5.0
targets:
    cloudinary-structured-metadata-mcp:
        source: CloudinarySMD-MCP-OAS
        sourceNamespace: cloudinary-structured-metadata-mcp-oas
        sourceRevisionDigest: sha256:85c63199be6e15b3d6b3d16a16e2c33690a4dc147f2e48dc453b20a5fbf5ec43
        sourceBlobDigest: sha256:eb5e17fde26cf563d32221dfa8dc025a27f13caf100005f1871c0891263f45e8
workflow:
    workflowVersion: 1.0.0
    speakeasyVersion: latest
    sources:
        CloudinarySMD-MCP-OAS:
            inputs:
                - location: https://cloudinary.github.io/api-schemas/structured-metadata/schema.yml
            overlays:
                - location: https://cloudinary.github.io/api-schemas/overlays/security-scheme-cloud-overlay.yaml
                - location: https://cloudinary.github.io/api-schemas/overlays/cloud-name-overlay.yml
                - location: https://cloudinary.github.io/api-schemas/overlays/mcp-disabled.yml
                - location: https://cloudinary.github.io/api-schemas/overlays/remove-mcp-description.yml
                - location: https://cloudinary.github.io/api-schemas/overlays/signature-optional-overlay.yml
                - location: https://cloudinary.github.io/api-schemas/structured-metadata/overlays/metadata_rules_overlay.yml
                - location: https://cloudinary.github.io/api-schemas/overlays/empty-objects-passthrough-overlay.yml
            registry:
                location: registry.speakeasyapi.dev/cloudinary/cloudinary/cloudinary-structured-metadata-mcp-oas
    targets:
        cloudinary-structured-metadata-mcp:
            target: mcp-typescript
            source: CloudinarySMD-MCP-OAS
            publish:
                npm:
                    token: $npm_token
